// !$*UTF8*$!
{
	archiveVersion = 1;
	classes = {
	};
	objectVersion = 46;
	objects = {

/* Begin PBXBuildFile section */
		9FBBED0A1BDCEFBE00DA8991 /* AppDelegate.swift in Sources */ = {isa = PBXBuildFile; fileRef = 9FBBED091BDCEFBE00DA8991 /* AppDelegate.swift */; };
		9FBBED0C1BDCEFBE00DA8991 /* Assets.xcassets in Resources */ = {isa = PBXBuildFile; fileRef = 9FBBED0B1BDCEFBE00DA8991 /* Assets.xcassets */; };
		9FBBED0F1BDCEFBE00DA8991 /* MainMenu.xib in Resources */ = {isa = PBXBuildFile; fileRef = 9FBBED0D1BDCEFBE00DA8991 /* MainMenu.xib */; };
/* End PBXBuildFile section */

/* Begin PBXFileReference section */
		9FBBED061BDCEFBE00DA8991 /* Sublevel.app */ = {isa = PBXFileReference; explicitFileType = wrapper.application; includeInIndex = 0; path = Sublevel.app; sourceTree = BUILT_PRODUCTS_DIR; };
		9FBBED091BDCEFBE00DA8991 /* AppDelegate.swift */ = {isa = PBXFileReference; lastKnownFileType = sourcecode.swift; path = AppDelegate.swift; sourceTree = "<group>"; };
		9FBBED0B1BDCEFBE00DA8991 /* Assets.xcassets */ = {isa = PBXFileReference; lastKnownFileType = folder.assetcatalog; path = Assets.xcassets; sourceTree = "<group>"; };
		9FBBED0E1BDCEFBE00DA8991 /* Base */ = {isa = PBXFileReference; lastKnownFileType = file.xib; name = Base; path = Base.lproj/MainMenu.xib; sourceTree = "<group>"; };
		9FBBED101BDCEFBE00DA8991 /* Info.plist */ = {isa = PBXFileReference; lastKnownFileType = text.plist.xml; path = Info.plist; sourceTree = "<group>"; };
/* End PBXFileReference section */

/* Begin PBXFrameworksBuildPhase section */
		9FBBED031BDCEFBE00DA8991 /* Frameworks */ = {
			isa = PBXFrameworksBuildPhase;
			buildActionMask = 2147483647;
			files = (
			);
			runOnlyForDeploymentPostprocessing = 0;
		};
/* End PBXFrameworksBuildPhase section */

/* Begin PBXGroup section */
		9FBBECFD1BDCEFBE00DA8991 = {
			isa = PBXGroup;
			children = (
				9FBBED081BDCEFBE00DA8991 /* Sublevel */,
				9FBBED071BDCEFBE00DA8991 /* Products */,
			);
			sourceTree = "<group>";
		};
		9FBBED071BDCEFBE00DA8991 /* Products */ = {
			isa = PBXGroup;
			children = (
				9FBBED061BDCEFBE00DA8991 /* Sublevel.app */,
			);
			name = Products;
			sourceTree = "<group>";
		};
		9FBBED081BDCEFBE00DA8991 /* Sublevel */ = {
			isa = PBXGroup;
			children = (
				9FBBED091BDCEFBE00DA8991 /* AppDelegate.swift */,
				9FBBED0B1BDCEFBE00DA8991 /* Assets.xcassets */,
				9FBBED0D1BDCEFBE00DA8991 /* MainMenu.xib */,
				9FBBED101BDCEFBE00DA8991 /* Info.plist */,
			);
			path = Sublevel;
			sourceTree = "<group>";
		};
/* End PBXGroup section */

/* Begin PBXNativeTarget section */
		9FBBED051BDCEFBE00DA8991 /* Sublevel */ = {
			isa = PBXNativeTarget;
			buildConfigurationList = 9FBBED131BDCEFBE00DA8991 /* Build configuration list for PBXNativeTarget "Sublevel" */;
			buildPhases = (
				9FBBED021BDCEFBE00DA8991 /* Sources */,
				9FBBED031BDCEFBE00DA8991 /* Frameworks */,
				9FBBED041BDCEFBE00DA8991 /* Resources */,
			);
			buildRules = (
			);
			dependencies = (
			);
			name = Sublevel;
			productName = Sublevel;
			productReference = 9FBBED061BDCEFBE00DA8991 /* Sublevel.app */;
			productType = "com.apple.product-type.application";
		};
/* End PBXNativeTarget section */

/* Begin PBXProject section */
		9FBBECFE1BDCEFBE00DA8991 /* Project object */ = {
			isa = PBXProject;
			attributes = {
				LastSwiftUpdateCheck = 0710;
				LastUpgradeCheck = 0710;
				ORGANIZATIONNAME = "Lucian Marin";
				TargetAttributes = {
					9FBBED051BDCEFBE00DA8991 = {
						CreatedOnToolsVersion = 7.1;
					};
				};
			};
			buildConfigurationList = 9FBBED011BDCEFBE00DA8991 /* Build configuration list for PBXProject "Sublevel" */;
			compatibilityVersion = "Xcode 3.2";
			developmentRegion = English;
			hasScannedForEncodings = 0;
			knownRegions = (
				en,
				Base,
			);
			mainGroup = 9FBBECFD1BDCEFBE00DA8991;
			productRefGroup = 9FBBED071BDCEFBE00DA8991 /* Products */;
			projectDirPath = "";
			projectRoot = "";
			targets = (
				9FBBED051BDCEFBE00DA8991 /* Sublevel */,
			);
		};
/* End PBXProject section */

/* Begin PBXResourcesBuildPhase section */
		9FBBED041BDCEFBE00DA8991 /* Resources */ = {
			isa = PBXResourcesBuildPhase;
			buildActionMask = 2147483647;
			files = (
				9FBBED0C1BDCEFBE00DA8991 /* Assets.xcassets in Resources */,
				9FBBED0F1BDCEFBE00DA8991 /* MainMenu.xib in Resources */,
			);
			runOnlyForDeploymentPostprocessing = 0;
		};
/* End PBXResourcesBuildPhase section */

/* Begin PBXSourcesBuildPhase section */
		9FBBED021BDCEFBE00DA8991 /* Sources */ = {
			isa = PBXSourcesBuildPhase;
			buildActionMask = 2147483647;
			files = (
				9FBBED0A1BDCEFBE00DA8991 /* AppDelegate.swift in Sources */,
			);
			runOnlyForDeploymentPostprocessing = 0;
		};
/* End PBXSourcesBuildPhase section */

/* Begin PBXVariantGroup section */
		9FBBED0D1BDCEFBE00DA8991 /* MainMenu.xib */ = {
			isa = PBXVariantGroup;
			children = (
				9FBBED0E1BDCEFBE00DA8991 /* Base */,
			);
			name = MainMenu.xib;
			sourceTree = "<group>";
		};
/* End PBXVariantGroup section */

/* Begin XCBuildConfiguration section */
		9FBBED111BDCEFBE00DA8991 /* Debug */ = {
			isa = XCBuildConfiguration;
			buildSettings = {
				ALWAYS_SEARCH_USER_PATHS = NO;
				CLANG_CXX_LANGUAGE_STANDARD = "gnu++0x";
				CLANG_CXX_LIBRARY = "libc++";
				CLANG_ENABLE_MODULES = YES;
				CLANG_ENABLE_OBJC_ARC = YES;
				CLANG_WARN_BOOL_CONVERSION = YES;
				CLANG_WARN_CONSTANT_CONVERSION = YES;
				CLANG_WARN_DIRECT_OBJC_ISA_USAGE = YES_ERROR;
				CLANG_WARN_EMPTY_BODY = YES;
				CLANG_WARN_ENUM_CONVERSION = YES;
				CLANG_WARN_INT_CONVERSION = YES;
				CLANG_WARN_OBJC_ROOT_CLASS = YES_ERROR;
				CLANG_WARN_UNREACHABLE_CODE = YES;
				CLANG_WARN__DUPLICATE_METHOD_MATCH = YES;
				CODE_SIGN_IDENTITY = "-";
				COPY_PHASE_STRIP = NO;
				DEBUG_INFORMATION_FORMAT = dwarf;
				ENABLE_STRICT_OBJC_MSGSEND = YES;
				ENABLE_TESTABILITY = YES;
				GCC_C_LANGUAGE_STANDARD = gnu99;
				GCC_DYNAMIC_NO_PIC = NO;
				GCC_NO_COMMON_BLOCKS = YES;
				GCC_OPTIMIZATION_LEVEL = 0;
				GCC_PREPROCESSOR_DEFINITIONS = (
					"DEBUG=1",
					"$(inherited)",
				);
				GCC_WARN_64_TO_32_BIT_CONVERSION = YES;
				GCC_WARN_ABOUT_RETURN_TYPE = YES_ERROR;
				GCC_WARN_UNDECLARED_SELECTOR = YES;
				GCC_WARN_UNINITIALIZED_AUTOS = YES_AGGRESSIVE;
				GCC_WARN_UNUSED_FUNCTION = YES;
				GCC_WARN_UNUSED_VARIABLE = YES;
				MACOSX_DEPLOYMENT_TARGET = 10.10;
				MTL_ENABLE_DEBUG_INFO = YES;
				ONLY_ACTIVE_ARCH = YES;
				SDKROOT = macosx;
				SWIFT_OPTIMIZATION_LEVEL = "-Onone";
			};
			name = Debug;
		};
		9FBBED121BDCEFBE00DA8991 /* Release */ = {
			isa = XCBuildConfiguration;
			buildSettings = {
				ALWAYS_SEARCH_USER_PATHS = NO;
				CLANG_CXX_LANGUAGE_STANDARD = "gnu++0x";
				CLANG_CXX_LIBRARY = "libc++";
				CLANG_ENABLE_MODULES = YES;
				CLANG_ENABLE_OBJC_ARC = YES;
				CLANG_WARN_BOOL_CONVERSION = YES;
				CLANG_WARN_CONSTANT_CONVERSION = YES;
				CLANG_WARN_DIRECT_OBJC_ISA_USAGE = YES_ERROR;
				CLANG_WARN_EMPTY_BODY = YES;
				CLANG_WARN_ENUM_CONVERSION = YES;
				CLANG_WARN_INT_CONVERSION = YES;
				CLANG_WARN_OBJC_ROOT_CLASS = YES_ERROR;
				CLANG_WARN_UNREACHABLE_CODE = YES;
				CLANG_WARN__DUPLICATE_METHOD_MATCH = YES;
				CODE_SIGN_IDENTITY = "-";
				COPY_PHASE_STRIP = NO;
				DEBUG_INFORMATION_FORMAT = "dwarf-with-dsym";
				ENABLE_NS_ASSERTIONS = NO;
				ENABLE_STRICT_OBJC_MSGSEND = YES;
				GCC_C_LANGUAGE_STANDARD = gnu99;
				GCC_NO_COMMON_BLOCKS = YES;
				GCC_WARN_64_TO_32_BIT_CONVERSION = YES;
				GCC_WARN_ABOUT_RETURN_TYPE = YES_ERROR;
				GCC_WARN_UNDECLARED_SELECTOR = YES;
				GCC_WARN_UNINITIALIZED_AUTOS = YES_AGGRESSIVE;
				GCC_WARN_UNUSED_FUNCTION = YES;
				GCC_WARN_UNUSED_VARIABLE = YES;
				MACOSX_DEPLOYMENT_TARGET = 10.10;
				MTL_ENABLE_DEBUG_INFO = NO;
				SDKROOT = macosx;
			};
			name = Release;
		};
		9FBBED141BDCEFBE00DA8991 /* Debug */ = {
			isa = XCBuildConfiguration;
			buildSettings = {
				ASSETCATALOG_COMPILER_APPICON_NAME = AppIcon;
				COMBINE_HIDPI_IMAGES = YES;
				INFOPLIST_FILE = Sublevel/Info.plist;
				LD_RUNPATH_SEARCH_PATHS = "$(inherited) @executable_path/../Frameworks";
				MACOSX_DEPLOYMENT_TARGET = 10.10;
				PRODUCT_BUNDLE_IDENTIFIER = com.lucianmarin.Sublevel;
				PRODUCT_NAME = "$(TARGET_NAME)";
			};
			name = Debug;
		};
		9FBBED151BDCEFBE00DA8991 /* Release */ = {
			isa = XCBuildConfiguration;
			buildSettings = {
				ASSETCATALOG_COMPILER_APPICON_NAME = AppIcon;
				COMBINE_HIDPI_IMAGES = YES;
				INFOPLIST_FILE = Sublevel/Info.plist;
				LD_RUNPATH_SEARCH_PATHS = "$(inherited) @executable_path/../Frameworks";
				MACOSX_DEPLOYMENT_TARGET = 10.10;
				PRODUCT_BUNDLE_IDENTIFIER = com.lucianmarin.Sublevel;
				PRODUCT_NAME = "$(TARGET_NAME)";
			};
			name = Release;
		};
/* End XCBuildConfiguration section */

/* Begin XCConfigurationList section */
		9FBBED011BDCEFBE00DA8991 /* Build configuration list for PBXProject "Sublevel" */ = {
			isa = XCConfigurationList;
			buildConfigurations = (
				9FBBED111BDCEFBE00DA8991 /* Debug */,
				9FBBED121BDCEFBE00DA8991 /* Release */,
			);
			defaultConfigurationIsVisible = 0;
			defaultConfigurationName = Release;
		};
		9FBBED131BDCEFBE00DA8991 /* Build configuration list for PBXNativeTarget "Sublevel" */ = {
			isa = XCConfigurationList;
			buildConfigurations = (
				9FBBED141BDCEFBE00DA8991 /* Debug */,
				9FBBED151BDCEFBE00DA8991 /* Release */,
			);
			defaultConfigurationIsVisible = 0;
			defaultConfigurationName = Release;
		};
/* End XCConfigurationList section */
	};
	rootObject = 9FBBECFE1BDCEFBE00DA8991 /* Project object */;
}
